
Microsoft Visual Studio Solution File, Format Version 12.00
# Visual Studio Version 16
VisualStudioVersion = 16.0.30517.126
MinimumVisualStudioVersion = 10.0.40219.1
Project("{FAE04EC0-301F-11D3-BF4B-00C04F79EFBC}") = "OCRComparer", "OCRComparer\OCRComparer.csproj", "{F5046C54-4852-4C71-8B10-502513F9D03E}"
EndProject
Global
	GlobalSection(SolutionConfigurationPlatforms) = preSolution
		Debug|Any CPU = Debug|Any CPU
		Release|Any CPU = Release|Any CPU
	EndGlobalSection
	GlobalSection(ProjectConfigurationPlatforms) = postSolution
		{F5046C54-4852-4C71-8B10-502513F9D03E}.Debug|Any CPU.ActiveCfg = Debug|Any CPU
		{F5046C54-4852-4C71-8B10-502513F9D03E}.Debug|Any CPU.Build.0 = Debug|Any CPU
		{F5046C54-4852-4C71-8B10-502513F9D03E}.Release|Any CPU.ActiveCfg = Release|Any CPU
		{F5046C54-4852-4C71-8B10-502513F9D03E}.Release|Any CPU.Build.0 = Release|Any CPU
	EndGlobalSection
	GlobalSection(SolutionProperties) = preSolution
		HideSolutionNode = FALSE
	EndGlobalSection
	GlobalSection(ExtensibilityGlobals) = postSolution
		SolutionGuid = {8D435347-B4F5-484F-8039-38CF7F6712B7}
	EndGlobalSection
EndGlobal
